
Microsoft Visual Studio Solution File, Format Version 12.00
# Visual Studio Version 17
VisualStudioVersion = 17.9.34728.123
MinimumVisualStudioVersion = 10.0.40219.1
Project("{FAE04EC0-301F-11D3-BF4B-00C04F79EFBC}") = "Datos", "Datos\Datos.csproj", "{4A846A71-124C-4A00-AB76-F28896FE0533}"
EndProject
Project("{FAE04EC0-301F-11D3-BF4B-00C04F79EFBC}") = "Negocios", "Negocios\Negocios.csproj", "{3BE78D48-5035-40EA-BCF4-F7D305D08218}"
EndProject
Project("{FAE04EC0-301F-11D3-BF4B-00C04F79EFBC}") = "Entidades", "Entidades\Entidades.csproj", "{FEDB6B4D-7388-4AED-8E19-E92FDCBFFCB7}"
EndProject
Project("{FAE04EC0-301F-11D3-BF4B-00C04F79EFBC}") = "Presentacion", "Presentacion\Presentacion.csproj", "{654CEC8F-ECCC-4737-BAE2-5AD55EF58445}"
EndProject
Global
	GlobalSection(SolutionConfigurationPlatforms) = preSolution
		Debug|Any CPU = Debug|Any CPU
		Release|Any CPU = Release|Any CPU
	EndGlobalSection
	GlobalSection(ProjectConfigurationPlatforms) = postSolution
		{4A846A71-124C-4A00-AB76-F28896FE0533}.Debug|Any CPU.ActiveCfg = Debug|Any CPU
		{4A846A71-124C-4A00-AB76-F28896FE0533}.Debug|Any CPU.Build.0 = Debug|Any CPU
		{4A846A71-124C-4A00-AB76-F28896FE0533}.Release|Any CPU.ActiveCfg = Release|Any CPU
		{4A846A71-124C-4A00-AB76-F28896FE0533}.Release|Any CPU.Build.0 = Release|Any CPU
		{3BE78D48-5035-40EA-BCF4-F7D305D08218}.Debug|Any CPU.ActiveCfg = Debug|Any CPU
		{3BE78D48-5035-40EA-BCF4-F7D305D08218}.Debug|Any CPU.Build.0 = Debug|Any CPU
		{3BE78D48-5035-40EA-BCF4-F7D305D08218}.Release|Any CPU.ActiveCfg = Release|Any CPU
		{3BE78D48-5035-40EA-BCF4-F7D305D08218}.Release|Any CPU.Build.0 = Release|Any CPU
		{FEDB6B4D-7388-4AED-8E19-E92FDCBFFCB7}.Debug|Any CPU.ActiveCfg = Debug|Any CPU
		{FEDB6B4D-7388-4AED-8E19-E92FDCBFFCB7}.Debug|Any CPU.Build.0 = Debug|Any CPU
		{FEDB6B4D-7388-4AED-8E19-E92FDCBFFCB7}.Release|Any CPU.ActiveCfg = Release|Any CPU
		{FEDB6B4D-7388-4AED-8E19-E92FDCBFFCB7}.Release|Any CPU.Build.0 = Release|Any CPU
		{654CEC8F-ECCC-4737-BAE2-5AD55EF58445}.Debug|Any CPU.ActiveCfg = Debug|Any CPU
		{654CEC8F-ECCC-4737-BAE2-5AD55EF58445}.Debug|Any CPU.Build.0 = Debug|Any CPU
		{654CEC8F-ECCC-4737-BAE2-5AD55EF58445}.Release|Any CPU.ActiveCfg = Release|Any CPU
		{654CEC8F-ECCC-4737-BAE2-5AD55EF58445}.Release|Any CPU.Build.0 = Release|Any CPU
	EndGlobalSection
	GlobalSection(SolutionProperties) = preSolution
		HideSolutionNode = FALSE
	EndGlobalSection
	GlobalSection(ExtensibilityGlobals) = postSolution
		SolutionGuid = {DBE7B65E-8C35-4322-9DDD-110CA2D1E6F6}
	EndGlobalSection
EndGlobal
